PODS:
  - Charts (3.2.2):
    - Charts/Core (= 3.2.2)
  - Charts/Core (3.2.2)

DEPENDENCIES:
  - Charts

SPEC REPOS:
  https://github.com/cocoapods/specs.git:
    - Charts

SPEC CHECKSUMS:
  Charts: f69cf0518b6d1d62608ca504248f1bbe0b6ae77e

PODFILE CHECKSUM: 22ea1e2b0fe7e0176066977393c3d0bcf973a41d

COCOAPODS: 1.6.1
