// !$*UTF8*$!
{
	archiveVersion = 1;
	classes = {
	};
	objectVersion = 46;
	objects = {

/* Begin PBXBuildFile section */
		B8F4FAF51F2359200049F738 /* AppDelegate.swift in Sources */ = {isa = PBXBuildFile; fileRef = B8F4FAF41F2359200049F738 /* AppDelegate.swift */; };
		B8F4FAF71F2359200049F738 /* ViewController.swift in Sources */ = {isa = PBXBuildFile; fileRef = B8F4FAF61F2359200049F738 /* ViewController.swift */; };
		B8F4FAFA1F2359200049F738 /* Main.storyboard in Resources */ = {isa = PBXBuildFile; fileRef = B8F4FAF81F2359200049F738 /* Main.storyboard */; };
		B8F4FAFC1F2359200049F738 /* Assets.xcassets in Resources */ = {isa = PBXBuildFile; fileRef = B8F4FAFB1F2359200049F738 /* Assets.xcassets */; };
		B8F4FAFF1F2359200049F738 /* LaunchScreen.storyboard in Resources */ = {isa = PBXBuildFile; fileRef = B8F4FAFD1F2359200049F738 /* LaunchScreen.storyboard */; };
		B8F4FB241F2359830049F738 /* CoreBluetooth.framework in Frameworks */ = {isa = PBXBuildFile; fileRef = B8F4FB231F2359830049F738 /* CoreBluetooth.framework */; };
/* End PBXBuildFile section */

/* Begin PBXFileReference section */
		B8F4FAF11F2359200049F738 /* BLE Demo.app */ = {isa = PBXFileReference; explicitFileType = wrapper.application; includeInIndex = 0; path = "BLE Demo.app"; sourceTree = BUILT_PRODUCTS_DIR; };
		B8F4FAF41F2359200049F738 /* AppDelegate.swift */ = {isa = PBXFileReference; lastKnownFileType = sourcecode.swift; path = AppDelegate.swift; sourceTree = "<group>"; };
		B8F4FAF61F2359200049F738 /* ViewController.swift */ = {isa = PBXFileReference; lastKnownFileType = sourcecode.swift; path = ViewController.swift; sourceTree = "<group>"; };
		B8F4FAF91F2359200049F738 /* Base */ = {isa = PBXFileReference; lastKnownFileType = file.storyboard; name = Base; path = Base.lproj/Main.storyboard; sourceTree = "<group>"; };
		B8F4FAFB1F2359200049F738 /* Assets.xcassets */ = {isa = PBXFileReference; lastKnownFileType = folder.assetcatalog; path = Assets.xcassets; sourceTree = "<group>"; };
		B8F4FAFE1F2359200049F738 /* Base */ = {isa = PBXFileReference; lastKnownFileType = file.storyboard; name = Base; path = Base.lproj/LaunchScreen.storyboard; sourceTree = "<group>"; };
		B8F4FB001F2359200049F738 /* Info.plist */ = {isa = PBXFileReference; lastKnownFileType = text.plist.xml; path = Info.plist; sourceTree = "<group>"; };
		B8F4FB091F2359200049F738 /* BLE_DemoTests.swift */ = {isa = PBXFileReference; lastKnownFileType = sourcecode.swift; path = BLE_DemoTests.swift; sourceTree = "<group>"; };
		B8F4FB0B1F2359200049F738 /* Info.plist */ = {isa = PBXFileReference; lastKnownFileType = text.plist.xml; path = Info.plist; sourceTree = "<group>"; };
		B8F4FB141F2359200049F738 /* BLE_DemoUITests.swift */ = {isa = PBXFileReference; lastKnownFileType = sourcecode.swift; path = BLE_DemoUITests.swift; sourceTree = "<group>"; };
		B8F4FB161F2359200049F738 /* Info.plist */ = {isa = PBXFileReference; lastKnownFileType = text.plist.xml; path = Info.plist; sourceTree = "<group>"; };
		B8F4FB231F2359830049F738 /* CoreBluetooth.framework */ = {isa = PBXFileReference; lastKnownFileType = wrapper.framework; name = CoreBluetooth.framework; path = System/Library/Frameworks/CoreBluetooth.framework; sourceTree = SDKROOT; };
/* End PBXFileReference section */

/* Begin PBXFrameworksBuildPhase section */
		B8F4FAEE1F2359200049F738 /* Frameworks */ = {
			isa = PBXFrameworksBuildPhase;
			buildActionMask = 2147483647;
			files = (
				B8F4FB241F2359830049F738 /* CoreBluetooth.framework in Frameworks */,
			);
			runOnlyForDeploymentPostprocessing = 0;
		};
/* End PBXFrameworksBuildPhase section */

/* Begin PBXGroup section */
		B8F4FAE81F2359200049F738 = {
			isa = PBXGroup;
			children = (
				B8F4FAF31F2359200049F738 /* BLE Demo */,
				B8F4FB081F2359200049F738 /* BLE DemoTests */,
				B8F4FB131F2359200049F738 /* BLE DemoUITests */,
				B8F4FAF21F2359200049F738 /* Products */,
				B8F4FB221F2359830049F738 /* Frameworks */,
			);
			sourceTree = "<group>";
		};
		B8F4FAF21F2359200049F738 /* Products */ = {
			isa = PBXGroup;
			children = (
				B8F4FAF11F2359200049F738 /* BLE Demo.app */,
			);
			name = Products;
			sourceTree = "<group>";
		};
		B8F4FAF31F2359200049F738 /* BLE Demo */ = {
			isa = PBXGroup;
			children = (
				B8F4FAF41F2359200049F738 /* AppDelegate.swift */,
				B8F4FAF61F2359200049F738 /* ViewController.swift */,
				B8F4FAF81F2359200049F738 /* Main.storyboard */,
				B8F4FAFB1F2359200049F738 /* Assets.xcassets */,
				B8F4FAFD1F2359200049F738 /* LaunchScreen.storyboard */,
				B8F4FB001F2359200049F738 /* Info.plist */,
			);
			path = "BLE Demo";
			sourceTree = "<group>";
		};
		B8F4FB081F2359200049F738 /* BLE DemoTests */ = {
			isa = PBXGroup;
			children = (
				B8F4FB091F2359200049F738 /* BLE_DemoTests.swift */,
				B8F4FB0B1F2359200049F738 /* Info.plist */,
			);
			path = "BLE DemoTests";
			sourceTree = "<group>";
		};
		B8F4FB131F2359200049F738 /* BLE DemoUITests */ = {
			isa = PBXGroup;
			children = (
				B8F4FB141F2359200049F738 /* BLE_DemoUITests.swift */,
				B8F4FB161F2359200049F738 /* Info.plist */,
			);
			path = "BLE DemoUITests";
			sourceTree = "<group>";
		};
		B8F4FB221F2359830049F738 /* Frameworks */ = {
			isa = PBXGroup;
			children = (
				B8F4FB231F2359830049F738 /* CoreBluetooth.framework */,
			);
			name = Frameworks;
			sourceTree = "<group>";
		};
/* End PBXGroup section */

/* Begin PBXNativeTarget section */
		B8F4FAF01F2359200049F738 /* BLE Demo */ = {
			isa = PBXNativeTarget;
			buildConfigurationList = B8F4FB191F2359200049F738 /* Build configuration list for PBXNativeTarget "BLE Demo" */;
			buildPhases = (
				B8F4FAED1F2359200049F738 /* Sources */,
				B8F4FAEE1F2359200049F738 /* Frameworks */,
				B8F4FAEF1F2359200049F738 /* Resources */,
			);
			buildRules = (
			);
			dependencies = (
			);
			name = "BLE Demo";
			productName = "BLE Demo";
			productReference = B8F4FAF11F2359200049F738 /* BLE Demo.app */;
			productType = "com.apple.product-type.application";
		};
/* End PBXNativeTarget section */

/* Begin PBXProject section */
		B8F4FAE91F2359200049F738 /* Project object */ = {
			isa = PBXProject;
			attributes = {
				LastSwiftUpdateCheck = 0820;
				LastUpgradeCheck = 1010;
				ORGANIZATIONNAME = "Aadil Keshwani";
				TargetAttributes = {
					B8F4FAF01F2359200049F738 = {
						CreatedOnToolsVersion = 8.2.1;
						DevelopmentTeam = 63G9ZR36V7;
						LastSwiftMigration = 1010;
						ProvisioningStyle = Automatic;
						SystemCapabilities = {
							com.apple.BackgroundModes = {
								enabled = 1;
							};
						};
					};
				};
			};
			buildConfigurationList = B8F4FAEC1F2359200049F738 /* Build configuration list for PBXProject "BLE Demo" */;
			compatibilityVersion = "Xcode 3.2";
			developmentRegion = English;
			hasScannedForEncodings = 0;
			knownRegions = (
				en,
				Base,
			);
			mainGroup = B8F4FAE81F2359200049F738;
			productRefGroup = B8F4FAF21F2359200049F738 /* Products */;
			projectDirPath = "";
			projectRoot = "";
			targets = (
				B8F4FAF01F2359200049F738 /* BLE Demo */,
			);
		};
/* End PBXProject section */

/* Begin PBXResourcesBuildPhase section */
		B8F4FAEF1F2359200049F738 /* Resources */ = {
			isa = PBXResourcesBuildPhase;
			buildActionMask = 2147483647;
			files = (
				B8F4FAFF1F2359200049F738 /* LaunchScreen.storyboard in Resources */,
				B8F4FAFC1F2359200049F738 /* Assets.xcassets in Resources */,
				B8F4FAFA1F2359200049F738 /* Main.storyboard in Resources */,
			);
			runOnlyForDeploymentPostprocessing = 0;
		};
/* End PBXResourcesBuildPhase section */

/* Begin PBXSourcesBuildPhase section */
		B8F4FAED1F2359200049F738 /* Sources */ = {
			isa = PBXSourcesBuildPhase;
			buildActionMask = 2147483647;
			files = (
				B8F4FAF71F2359200049F738 /* ViewController.swift in Sources */,
				B8F4FAF51F2359200049F738 /* AppDelegate.swift in Sources */,
			);
			runOnlyForDeploymentPostprocessing = 0;
		};
/* End PBXSourcesBuildPhase section */

/* Begin PBXVariantGroup section */
		B8F4FAF81F2359200049F738 /* Main.storyboard */ = {
			isa = PBXVariantGroup;
			children = (
				B8F4FAF91F2359200049F738 /* Base */,
			);
			name = Main.storyboard;
			sourceTree = "<group>";
		};
		B8F4FAFD1F2359200049F738 /* LaunchScreen.storyboard */ = {
			isa = PBXVariantGroup;
			children = (
				B8F4FAFE1F2359200049F738 /* Base */,
			);
			name = LaunchScreen.storyboard;
			sourceTree = "<group>";
		};
/* End PBXVariantGroup section */

/* Begin XCBuildConfiguration section */
		B8F4FB171F2359200049F738 /* Debug */ = {
			isa = XCBuildConfiguration;
			buildSettings = {
				ALWAYS_SEARCH_USER_PATHS = NO;
				CLANG_ANALYZER_NONNULL = YES;
				CLANG_CXX_LANGUAGE_STANDARD = "gnu++0x";
				CLANG_CXX_LIBRARY = "libc++";
				CLANG_ENABLE_MODULES = YES;
				CLANG_ENABLE_OBJC_ARC = YES;
				CLANG_WARN_BLOCK_CAPTURE_AUTORELEASING = YES;
				CLANG_WARN_BOOL_CONVERSION = YES;
				CLANG_WARN_COMMA = YES;
				CLANG_WARN_CONSTANT_CONVERSION = YES;
				CLANG_WARN_DEPRECATED_OBJC_IMPLEMENTATIONS = YES;
				CLANG_WARN_DIRECT_OBJC_ISA_USAGE = YES_ERROR;
				CLANG_WARN_DOCUMENTATION_COMMENTS = YES;
				CLANG_WARN_EMPTY_BODY = YES;
				CLANG_WARN_ENUM_CONVERSION = YES;
				CLANG_WARN_INFINITE_RECURSION = YES;
				CLANG_WARN_INT_CONVERSION = YES;
				CLANG_WARN_NON_LITERAL_NULL_CONVERSION = YES;
				CLANG_WARN_OBJC_IMPLICIT_RETAIN_SELF = YES;
				CLANG_WARN_OBJC_LITERAL_CONVERSION = YES;
				CLANG_WARN_OBJC_ROOT_CLASS = YES_ERROR;
				CLANG_WARN_RANGE_LOOP_ANALYSIS = YES;
				CLANG_WARN_STRICT_PROTOTYPES = YES;
				CLANG_WARN_SUSPICIOUS_MOVE = YES;
				CLANG_WARN_UNREACHABLE_CODE = YES;
				CLANG_WARN__DUPLICATE_METHOD_MATCH = YES;
				"CODE_SIGN_IDENTITY[sdk=iphoneos*]" = "iPhone Developer";
				COPY_PHASE_STRIP = NO;
				DEBUG_INFORMATION_FORMAT = dwarf;
				ENABLE_STRICT_OBJC_MSGSEND = YES;
				ENABLE_TESTABILITY = YES;
				GCC_C_LANGUAGE_STANDARD = gnu99;
				GCC_DYNAMIC_NO_PIC = NO;
				GCC_NO_COMMON_BLOCKS = YES;
				GCC_OPTIMIZATION_LEVEL = 0;
				GCC_PREPROCESSOR_DEFINITIONS = (
					"DEBUG=1",
					"$(inherited)",
				);
				GCC_WARN_64_TO_32_BIT_CONVERSION = YES;
				GCC_WARN_ABOUT_RETURN_TYPE = YES_ERROR;
				GCC_WARN_UNDECLARED_SELECTOR = YES;
				GCC_WARN_UNINITIALIZED_AUTOS = YES_AGGRESSIVE;
				GCC_WARN_UNUSED_FUNCTION = YES;
				GCC_WARN_UNUSED_VARIABLE = YES;
				IPHONEOS_DEPLOYMENT_TARGET = 10.2;
				MTL_ENABLE_DEBUG_INFO = YES;
				ONLY_ACTIVE_ARCH = YES;
				SDKROOT = iphoneos;
				SWIFT_ACTIVE_COMPILATION_CONDITIONS = DEBUG;
				SWIFT_OPTIMIZATION_LEVEL = "-Onone";
				SWIFT_VERSION = 4.2;
				TARGETED_DEVICE_FAMILY = "1,2";
			};
			name = Debug;
		};
		B8F4FB181F2359200049F738 /* Release */ = {
			isa = XCBuildConfiguration;
			buildSettings = {
				ALWAYS_SEARCH_USER_PATHS = NO;
				CLANG_ANALYZER_NONNULL = YES;
				CLANG_CXX_LANGUAGE_STANDARD = "gnu++0x";
				CLANG_CXX_LIBRARY = "libc++";
				CLANG_ENABLE_MODULES = YES;
				CLANG_ENABLE_OBJC_ARC = YES;
				CLANG_WARN_BLOCK_CAPTURE_AUTORELEASING = YES;
				CLANG_WARN_BOOL_CONVERSION = YES;
				CLANG_WARN_COMMA = YES;
				CLANG_WARN_CONSTANT_CONVERSION = YES;
				CLANG_WARN_DEPRECATED_OBJC_IMPLEMENTATIONS = YES;
				CLANG_WARN_DIRECT_OBJC_ISA_USAGE = YES_ERROR;
				CLANG_WARN_DOCUMENTATION_COMMENTS = YES;
				CLANG_WARN_EMPTY_BODY = YES;
				CLANG_WARN_ENUM_CONVERSION = YES;
				CLANG_WARN_INFINITE_RECURSION = YES;
				CLANG_WARN_INT_CONVERSION = YES;
				CLANG_WARN_NON_LITERAL_NULL_CONVERSION = YES;
				CLANG_WARN_OBJC_IMPLICIT_RETAIN_SELF = YES;
				CLANG_WARN_OBJC_LITERAL_CONVERSION = YES;
				CLANG_WARN_OBJC_ROOT_CLASS = YES_ERROR;
				CLANG_WARN_RANGE_LOOP_ANALYSIS = YES;
				CLANG_WARN_STRICT_PROTOTYPES = YES;
				CLANG_WARN_SUSPICIOUS_MOVE = YES;
				CLANG_WARN_UNREACHABLE_CODE = YES;
				CLANG_WARN__DUPLICATE_METHOD_MATCH = YES;
				"CODE_SIGN_IDENTITY[sdk=iphoneos*]" = "iPhone Developer";
				COPY_PHASE_STRIP = NO;
				DEBUG_INFORMATION_FORMAT = "dwarf-with-dsym";
				ENABLE_NS_ASSERTIONS = NO;
				ENABLE_STRICT_OBJC_MSGSEND = YES;
				GCC_C_LANGUAGE_STANDARD = gnu99;
				GCC_NO_COMMON_BLOCKS = YES;
				GCC_WARN_64_TO_32_BIT_CONVERSION = YES;
				GCC_WARN_ABOUT_RETURN_TYPE = YES_ERROR;
				GCC_WARN_UNDECLARED_SELECTOR = YES;
				GCC_WARN_UNINITIALIZED_AUTOS = YES_AGGRESSIVE;
				GCC_WARN_UNUSED_FUNCTION = YES;
				GCC_WARN_UNUSED_VARIABLE = YES;
				IPHONEOS_DEPLOYMENT_TARGET = 10.2;
				MTL_ENABLE_DEBUG_INFO = NO;
				SDKROOT = iphoneos;
				SWIFT_OPTIMIZATION_LEVEL = "-Owholemodule";
				SWIFT_VERSION = 4.2;
				TARGETED_DEVICE_FAMILY = "1,2";
				VALIDATE_PRODUCT = YES;
			};
			name = Release;
		};
		B8F4FB1A1F2359200049F738 /* Debug */ = {
			isa = XCBuildConfiguration;
			buildSettings = {
				ASSETCATALOG_COMPILER_APPICON_NAME = AppIcon;
				CODE_SIGN_IDENTITY = "iPhone Developer";
				"CODE_SIGN_IDENTITY[sdk=iphoneos*]" = "iPhone Developer";
				DEVELOPMENT_TEAM = 63G9ZR36V7;
				INFOPLIST_FILE = "BLE Demo/Info.plist";
				IPHONEOS_DEPLOYMENT_TARGET = 9.0;
				LD_RUNPATH_SEARCH_PATHS = "$(inherited) @executable_path/Frameworks";
				PRODUCT_BUNDLE_IDENTIFIER = me.ronak.BLEDemoTest;
				PRODUCT_NAME = "$(TARGET_NAME)";
				PROVISIONING_PROFILE = "";
				PROVISIONING_PROFILE_SPECIFIER = "";
				SWIFT_VERSION = 4.2;
			};
			name = Debug;
		};
		B8F4FB1B1F2359200049F738 /* Release */ = {
			isa = XCBuildConfiguration;
			buildSettings = {
				ASSETCATALOG_COMPILER_APPICON_NAME = AppIcon;
				CODE_SIGN_IDENTITY = "iPhone Developer";
				"CODE_SIGN_IDENTITY[sdk=iphoneos*]" = "iPhone Developer";
				DEVELOPMENT_TEAM = 63G9ZR36V7;
				INFOPLIST_FILE = "BLE Demo/Info.plist";
				IPHONEOS_DEPLOYMENT_TARGET = 9.0;
				LD_RUNPATH_SEARCH_PATHS = "$(inherited) @executable_path/Frameworks";
				PRODUCT_BUNDLE_IDENTIFIER = me.ronak.BLEDemoTest;
				PRODUCT_NAME = "$(TARGET_NAME)";
				PROVISIONING_PROFILE = "";
				PROVISIONING_PROFILE_SPECIFIER = "";
				SWIFT_VERSION = 4.2;
			};
			name = Release;
		};
/* End XCBuildConfiguration section */

/* Begin XCConfigurationList section */
		B8F4FAEC1F2359200049F738 /* Build configuration list for PBXProject "BLE Demo" */ = {
			isa = XCConfigurationList;
			buildConfigurations = (
				B8F4FB171F2359200049F738 /* Debug */,
				B8F4FB181F2359200049F738 /* Release */,
			);
			defaultConfigurationIsVisible = 0;
			defaultConfigurationName = Release;
		};
		B8F4FB191F2359200049F738 /* Build configuration list for PBXNativeTarget "BLE Demo" */ = {
			isa = XCConfigurationList;
			buildConfigurations = (
				B8F4FB1A1F2359200049F738 /* Debug */,
				B8F4FB1B1F2359200049F738 /* Release */,
			);
			defaultConfigurationIsVisible = 0;
			defaultConfigurationName = Release;
		};
/* End XCConfigurationList section */
	};
	rootObject = B8F4FAE91F2359200049F738 /* Project object */;
}
